// !$*UTF8*$!
{
	archiveVersion = 1;
	classes = {
	};
	objectVersion = 50;
	objects = {

/* Begin PBXBuildFile section */
		FC084C8222B211D1007D5BE8 /* p12.cpp in Sources */ = {isa = PBXBuildFile; fileRef = FC084C8122B211D1007D5BE8 /* p12.cpp */; };
/* End PBXBuildFile section */

/* Begin PBXCopyFilesBuildPhase section */
		FC084C3022AF4538007D5BE8 /* CopyFiles */ = {
			isa = PBXCopyFilesBuildPhase;
			buildActionMask = 2147483647;
			dstPath = /usr/share/man/man1/;
			dstSubfolderSpec = 0;
			files = (
			);
			runOnlyForDeploymentPostprocessing = 1;
		};
/* End PBXCopyFilesBuildPhase section */

/* Begin PBXFileReference section */
		FC084C3222AF4538007D5BE8 /* STL */ = {isa = PBXFileReference; explicitFileType = "compiled.mach-o.executable"; includeInIndex = 0; path = STL; sourceTree = BUILT_PRODUCTS_DIR; };
		FC084C3522AF4538007D5BE8 /* main.cpp */ = {isa = PBXFileReference; lastKnownFileType = sourcecode.cpp.cpp; path = main.cpp; sourceTree = "<group>"; };
		FC084C3C22AF5257007D5BE8 /* pq12.cpp */ = {isa = PBXFileReference; lastKnownFileType = sourcecode.cpp.cpp; path = pq12.cpp; sourceTree = "<group>"; };
		FC084C3E22AF5512007D5BE8 /* pq15.cpp */ = {isa = PBXFileReference; lastKnownFileType = sourcecode.cpp.cpp; path = pq15.cpp; sourceTree = "<group>"; };
		FC084C4022AF55E0007D5BE8 /* pq13.cpp */ = {isa = PBXFileReference; lastKnownFileType = sourcecode.cpp.cpp; path = pq13.cpp; sourceTree = "<group>"; };
		FC084C5822B1DBF7007D5BE8 /* p1.cpp */ = {isa = PBXFileReference; lastKnownFileType = sourcecode.cpp.cpp; path = p1.cpp; sourceTree = "<group>"; };
		FC084C5A22B1DCD9007D5BE8 /* p2.cpp */ = {isa = PBXFileReference; lastKnownFileType = sourcecode.cpp.cpp; path = p2.cpp; sourceTree = "<group>"; };
		FC084C5C22B1DE51007D5BE8 /* p3.cpp */ = {isa = PBXFileReference; lastKnownFileType = sourcecode.cpp.cpp; path = p3.cpp; sourceTree = "<group>"; };
		FC084C5E22B1DEFD007D5BE8 /* p4.cpp */ = {isa = PBXFileReference; lastKnownFileType = sourcecode.cpp.cpp; path = p4.cpp; sourceTree = "<group>"; };
		FC084C6022B1DFA0007D5BE8 /* p5.cpp */ = {isa = PBXFileReference; lastKnownFileType = sourcecode.cpp.cpp; path = p5.cpp; sourceTree = "<group>"; };
		FC084C6222B1E0FB007D5BE8 /* p6.cpp */ = {isa = PBXFileReference; lastKnownFileType = sourcecode.cpp.cpp; path = p6.cpp; sourceTree = "<group>"; };
		FC084C6322B1E0FB007D5BE8 /* p6.hpp */ = {isa = PBXFileReference; lastKnownFileType = sourcecode.cpp.h; path = p6.hpp; sourceTree = "<group>"; };
		FC084C6522B1E617007D5BE8 /* p7.cpp */ = {isa = PBXFileReference; lastKnownFileType = sourcecode.cpp.cpp; path = p7.cpp; sourceTree = "<group>"; };
		FC084C7A22B20867007D5BE8 /* p8.cpp */ = {isa = PBXFileReference; lastKnownFileType = sourcecode.cpp.cpp; path = p8.cpp; sourceTree = "<group>"; };
		FC084C7C22B20CF4007D5BE8 /* p9.cpp */ = {isa = PBXFileReference; lastKnownFileType = sourcecode.cpp.cpp; path = p9.cpp; sourceTree = "<group>"; };
		FC084C7E22B20DC3007D5BE8 /* p10.cpp */ = {isa = PBXFileReference; lastKnownFileType = sourcecode.cpp.cpp; path = p10.cpp; sourceTree = "<group>"; };
		FC084C7F22B20DC3007D5BE8 /* p10.hpp */ = {isa = PBXFileReference; lastKnownFileType = sourcecode.cpp.h; path = p10.hpp; sourceTree = "<group>"; };
		FC084C8122B211D1007D5BE8 /* p12.cpp */ = {isa = PBXFileReference; lastKnownFileType = sourcecode.cpp.cpp; path = p12.cpp; sourceTree = "<group>"; };
/* End PBXFileReference section */

/* Begin PBXFrameworksBuildPhase section */
		FC084C2F22AF4538007D5BE8 /* Frameworks */ = {
			isa = PBXFrameworksBuildPhase;
			buildActionMask = 2147483647;
			files = (
			);
			runOnlyForDeploymentPostprocessing = 0;
		};
/* End PBXFrameworksBuildPhase section */

/* Begin PBXGroup section */
		FC084C2922AF4538007D5BE8 = {
			isa = PBXGroup;
			children = (
				FC084C3422AF4538007D5BE8 /* STL */,
				FC084C3322AF4538007D5BE8 /* Products */,
			);
			sourceTree = "<group>";
		};
		FC084C3322AF4538007D5BE8 /* Products */ = {
			isa = PBXGroup;
			children = (
				FC084C3222AF4538007D5BE8 /* STL */,
			);
			name = Products;
			sourceTree = "<group>";
		};
		FC084C3422AF4538007D5BE8 /* STL */ = {
			isa = PBXGroup;
			children = (
				FC084C3522AF4538007D5BE8 /* main.cpp */,
				FC084C3C22AF5257007D5BE8 /* pq12.cpp */,
				FC084C3E22AF5512007D5BE8 /* pq15.cpp */,
				FC084C4022AF55E0007D5BE8 /* pq13.cpp */,
				FC084C5822B1DBF7007D5BE8 /* p1.cpp */,
				FC084C5A22B1DCD9007D5BE8 /* p2.cpp */,
				FC084C5C22B1DE51007D5BE8 /* p3.cpp */,
				FC084C5E22B1DEFD007D5BE8 /* p4.cpp */,
				FC084C6022B1DFA0007D5BE8 /* p5.cpp */,
				FC084C6222B1E0FB007D5BE8 /* p6.cpp */,
				FC084C6322B1E0FB007D5BE8 /* p6.hpp */,
				FC084C6522B1E617007D5BE8 /* p7.cpp */,
				FC084C7A22B20867007D5BE8 /* p8.cpp */,
				FC084C7C22B20CF4007D5BE8 /* p9.cpp */,
				FC084C7E22B20DC3007D5BE8 /* p10.cpp */,
				FC084C7F22B20DC3007D5BE8 /* p10.hpp */,
				FC084C8122B211D1007D5BE8 /* p12.cpp */,
			);
			path = STL;
			sourceTree = "<group>";
		};
/* End PBXGroup section */

/* Begin PBXNativeTarget section */
		FC084C3122AF4538007D5BE8 /* STL */ = {
			isa = PBXNativeTarget;
			buildConfigurationList = FC084C3922AF4538007D5BE8 /* Build configuration list for PBXNativeTarget "STL" */;
			buildPhases = (
				FC084C2E22AF4538007D5BE8 /* Sources */,
				FC084C2F22AF4538007D5BE8 /* Frameworks */,
				FC084C3022AF4538007D5BE8 /* CopyFiles */,
			);
			buildRules = (
			);
			dependencies = (
			);
			name = STL;
			productName = STL;
			productReference = FC084C3222AF4538007D5BE8 /* STL */;
			productType = "com.apple.product-type.tool";
		};
/* End PBXNativeTarget section */

/* Begin PBXProject section */
		FC084C2A22AF4538007D5BE8 /* Project object */ = {
			isa = PBXProject;
			attributes = {
				LastUpgradeCheck = 1020;
				ORGANIZATIONNAME = "Irene Lee";
				TargetAttributes = {
					FC084C3122AF4538007D5BE8 = {
						CreatedOnToolsVersion = 10.2.1;
					};
				};
			};
			buildConfigurationList = FC084C2D22AF4538007D5BE8 /* Build configuration list for PBXProject "STL" */;
			compatibilityVersion = "Xcode 9.3";
			developmentRegion = en;
			hasScannedForEncodings = 0;
			knownRegions = (
				en,
			);
			mainGroup = FC084C2922AF4538007D5BE8;
			productRefGroup = FC084C3322AF4538007D5BE8 /* Products */;
			projectDirPath = "";
			projectRoot = "";
			targets = (
				FC084C3122AF4538007D5BE8 /* STL */,
			);
		};
/* End PBXProject section */

/* Begin PBXSourcesBuildPhase section */
		FC084C2E22AF4538007D5BE8 /* Sources */ = {
			isa = PBXSourcesBuildPhase;
			buildActionMask = 2147483647;
			files = (
				FC084C8222B211D1007D5BE8 /* p12.cpp in Sources */,
			);
			runOnlyForDeploymentPostprocessing = 0;
		};
/* End PBXSourcesBuildPhase section */

/* Begin XCBuildConfiguration section */
		FC084C3722AF4538007D5BE8 /* Debug */ = {
			isa = XCBuildConfiguration;
			buildSettings = {
				ALWAYS_SEARCH_USER_PATHS = NO;
				CLANG_ANALYZER_NONNULL = YES;
				CLANG_ANALYZER_NUMBER_OBJECT_CONVERSION = YES_AGGRESSIVE;
				CLANG_CXX_LANGUAGE_STANDARD = "gnu++14";
				CLANG_CXX_LIBRARY = "libc++";
				CLANG_ENABLE_MODULES = YES;
				CLANG_ENABLE_OBJC_ARC = YES;
				CLANG_ENABLE_OBJC_WEAK = YES;
				CLANG_WARN_BLOCK_CAPTURE_AUTORELEASING = YES;
				CLANG_WARN_BOOL_CONVERSION = YES;
				CLANG_WARN_COMMA = YES;
				CLANG_WARN_CONSTANT_CONVERSION = YES;
				CLANG_WARN_DEPRECATED_OBJC_IMPLEMENTATIONS = YES;
				CLANG_WARN_DIRECT_OBJC_ISA_USAGE = YES_ERROR;
				CLANG_WARN_DOCUMENTATION_COMMENTS = YES;
				CLANG_WARN_EMPTY_BODY = YES;
				CLANG_WARN_ENUM_CONVERSION = YES;
				CLANG_WARN_INFINITE_RECURSION = YES;
				CLANG_WARN_INT_CONVERSION = YES;
				CLANG_WARN_NON_LITERAL_NULL_CONVERSION = YES;
				CLANG_WARN_OBJC_IMPLICIT_RETAIN_SELF = YES;
				CLANG_WARN_OBJC_LITERAL_CONVERSION = YES;
				CLANG_WARN_OBJC_ROOT_CLASS = YES_ERROR;
				CLANG_WARN_RANGE_LOOP_ANALYSIS = YES;
				CLANG_WARN_STRICT_PROTOTYPES = YES;
				CLANG_WARN_SUSPICIOUS_MOVE = YES;
				CLANG_WARN_UNGUARDED_AVAILABILITY = YES_AGGRESSIVE;
				CLANG_WARN_UNREACHABLE_CODE = YES;
				CLANG_WARN__DUPLICATE_METHOD_MATCH = YES;
				CODE_SIGN_IDENTITY = "-";
				COPY_PHASE_STRIP = NO;
				DEBUG_INFORMATION_FORMAT = dwarf;
				ENABLE_STRICT_OBJC_MSGSEND = YES;
				ENABLE_TESTABILITY = YES;
				GCC_C_LANGUAGE_STANDARD = gnu11;
				GCC_DYNAMIC_NO_PIC = NO;
				GCC_NO_COMMON_BLOCKS = YES;
				GCC_OPTIMIZATION_LEVEL = 0;
				GCC_PREPROCESSOR_DEFINITIONS = (
					"DEBUG=1",
					"$(inherited)",
				);
				GCC_WARN_64_TO_32_BIT_CONVERSION = YES;
				GCC_WARN_ABOUT_RETURN_TYPE = YES_ERROR;
				GCC_WARN_UNDECLARED_SELECTOR = YES;
				GCC_WARN_UNINITIALIZED_AUTOS = YES_AGGRESSIVE;
				GCC_WARN_UNUSED_FUNCTION = YES;
				GCC_WARN_UNUSED_VARIABLE = YES;
				MACOSX_DEPLOYMENT_TARGET = 10.14;
				MTL_ENABLE_DEBUG_INFO = INCLUDE_SOURCE;
				MTL_FAST_MATH = YES;
				ONLY_ACTIVE_ARCH = YES;
				SDKROOT = macosx;
			};
			name = Debug;
		};
		FC084C3822AF4538007D5BE8 /* Release */ = {
			isa = XCBuildConfiguration;
			buildSettings = {
				ALWAYS_SEARCH_USER_PATHS = NO;
				CLANG_ANALYZER_NONNULL = YES;
				CLANG_ANALYZER_NUMBER_OBJECT_CONVERSION = YES_AGGRESSIVE;
				CLANG_CXX_LANGUAGE_STANDARD = "gnu++14";
				CLANG_CXX_LIBRARY = "libc++";
				CLANG_ENABLE_MODULES = YES;
				CLANG_ENABLE_OBJC_ARC = YES;
				CLANG_ENABLE_OBJC_WEAK = YES;
				CLANG_WARN_BLOCK_CAPTURE_AUTORELEASING = YES;
				CLANG_WARN_BOOL_CONVERSION = YES;
				CLANG_WARN_COMMA = YES;
				CLANG_WARN_CONSTANT_CONVERSION = YES;
				CLANG_WARN_DEPRECATED_OBJC_IMPLEMENTATIONS = YES;
				CLANG_WARN_DIRECT_OBJC_ISA_USAGE = YES_ERROR;
				CLANG_WARN_DOCUMENTATION_COMMENTS = YES;
				CLANG_WARN_EMPTY_BODY = YES;
				CLANG_WARN_ENUM_CONVERSION = YES;
				CLANG_WARN_INFINITE_RECURSION = YES;
				CLANG_WARN_INT_CONVERSION = YES;
				CLANG_WARN_NON_LITERAL_NULL_CONVERSION = YES;
				CLANG_WARN_OBJC_IMPLICIT_RETAIN_SELF = YES;
				CLANG_WARN_OBJC_LITERAL_CONVERSION = YES;
				CLANG_WARN_OBJC_ROOT_CLASS = YES_ERROR;
				CLANG_WARN_RANGE_LOOP_ANALYSIS = YES;
				CLANG_WARN_STRICT_PROTOTYPES = YES;
				CLANG_WARN_SUSPICIOUS_MOVE = YES;
				CLANG_WARN_UNGUARDED_AVAILABILITY = YES_AGGRESSIVE;
				CLANG_WARN_UNREACHABLE_CODE = YES;
				CLANG_WARN__DUPLICATE_METHOD_MATCH = YES;
				CODE_SIGN_IDENTITY = "-";
				COPY_PHASE_STRIP = NO;
				DEBUG_INFORMATION_FORMAT = "dwarf-with-dsym";
				ENABLE_NS_ASSERTIONS = NO;
				ENABLE_STRICT_OBJC_MSGSEND = YES;
				GCC_C_LANGUAGE_STANDARD = gnu11;
				GCC_NO_COMMON_BLOCKS = YES;
				GCC_WARN_64_TO_32_BIT_CONVERSION = YES;
				GCC_WARN_ABOUT_RETURN_TYPE = YES_ERROR;
				GCC_WARN_UNDECLARED_SELECTOR = YES;
				GCC_WARN_UNINITIALIZED_AUTOS = YES_AGGRESSIVE;
				GCC_WARN_UNUSED_FUNCTION = YES;
				GCC_WARN_UNUSED_VARIABLE = YES;
				MACOSX_DEPLOYMENT_TARGET = 10.14;
				MTL_ENABLE_DEBUG_INFO = NO;
				MTL_FAST_MATH = YES;
				SDKROOT = macosx;
			};
			name = Release;
		};
		FC084C3A22AF4538007D5BE8 /* Debug */ = {
			isa = XCBuildConfiguration;
			buildSettings = {
				CODE_SIGN_STYLE = Automatic;
				PRODUCT_NAME = "$(TARGET_NAME)";
			};
			name = Debug;
		};
		FC084C3B22AF4538007D5BE8 /* Release */ = {
			isa = XCBuildConfiguration;
			buildSettings = {
				CODE_SIGN_STYLE = Automatic;
				PRODUCT_NAME = "$(TARGET_NAME)";
			};
			name = Release;
		};
/* End XCBuildConfiguration section */

/* Begin XCConfigurationList section */
		FC084C2D22AF4538007D5BE8 /* Build configuration list for PBXProject "STL" */ = {
			isa = XCConfigurationList;
			buildConfigurations = (
				FC084C3722AF4538007D5BE8 /* Debug */,
				FC084C3822AF4538007D5BE8 /* Release */,
			);
			defaultConfigurationIsVisible = 0;
			defaultConfigurationName = Release;
		};
		FC084C3922AF4538007D5BE8 /* Build configuration list for PBXNativeTarget "STL" */ = {
			isa = XCConfigurationList;
			buildConfigurations = (
				FC084C3A22AF4538007D5BE8 /* Debug */,
				FC084C3B22AF4538007D5BE8 /* Release */,
			);
			defaultConfigurationIsVisible = 0;
			defaultConfigurationName = Release;
		};
/* End XCConfigurationList section */
	};
	rootObject = FC084C2A22AF4538007D5BE8 /* Project object */;
}
